
Microsoft Visual Studio Solution File, Format Version 12.00
# Visual Studio Version 17
VisualStudioVersion = 17.8.34309.116
MinimumVisualStudioVersion = 10.0.40219.1
Project("{9A19103F-16F7-4668-BE54-9A1E7A4F7556}") = "Invest.App", "Invest.App\Invest.App.csproj", "{F090B285-3BFD-4516-9FEC-7993DCFEE2D8}"
EndProject
Project("{9A19103F-16F7-4668-BE54-9A1E7A4F7556}") = "Invest.Services", "Invest.Services\Invest.Services.csproj", "{F2855774-FE90-4869-9057-244189428A0F}"
EndProject
Project("{9A19103F-16F7-4668-BE54-9A1E7A4F7556}") = "Invest.Services.Test", "Invest.Services.Test\Invest.Services.Test.csproj", "{6834AE71-6B21-4D40-B366-4355D8CD37C3}"
EndProject
Project("{9A19103F-16F7-4668-BE54-9A1E7A4F7556}") = "Invest.Services.Quotes", "Invest.Services.Quotes\Invest.Services.Quotes.csproj", "{0A437506-3F52-4FA1-A961-8DB81891FF13}"
EndProject
Project("{9A19103F-16F7-4668-BE54-9A1E7A4F7556}") = "Invest.Services.Tinkoff", "Invest.Services.Tinkoff\Invest.Services.Tinkoff.csproj", "{A908B7A5-1BB6-49C9-8EFF-3C2AFBE01244}"
EndProject
Project("{9A19103F-16F7-4668-BE54-9A1E7A4F7556}") = "Testing.StockSharp.App", "Testing.StockSharp.App\Testing.StockSharp.App.csproj", "{1CB5E0A5-D4C9-4373-BF95-388B10A2BBAF}"
EndProject
Project("{2150E333-8FDC-42A3-9474-1A3956D46DE8}") = "Diagrams", "Diagrams", "{43277DBE-2BF1-4DCE-BC96-2692CF5DEBBF}"
	ProjectSection(SolutionItems) = preProject
		class.drawio = class.drawio
	EndProjectSection
EndProject
Project("{FAE04EC0-301F-11D3-BF4B-00C04F79EFBC}") = "Ivka.Invest.Trade", "Ivka.Invest.TradeService\Ivka.Invest.Trade.csproj", "{D1FE2145-E026-4A61-B995-256F44930DAD}"
EndProject
Global
	GlobalSection(SolutionConfigurationPlatforms) = preSolution
		Debug|Any CPU = Debug|Any CPU
		Release|Any CPU = Release|Any CPU
	EndGlobalSection
	GlobalSection(ProjectConfigurationPlatforms) = postSolution
		{F090B285-3BFD-4516-9FEC-7993DCFEE2D8}.Debug|Any CPU.ActiveCfg = Debug|Any CPU
		{F090B285-3BFD-4516-9FEC-7993DCFEE2D8}.Debug|Any CPU.Build.0 = Debug|Any CPU
		{F090B285-3BFD-4516-9FEC-7993DCFEE2D8}.Release|Any CPU.ActiveCfg = Release|Any CPU
		{F090B285-3BFD-4516-9FEC-7993DCFEE2D8}.Release|Any CPU.Build.0 = Release|Any CPU
		{F2855774-FE90-4869-9057-244189428A0F}.Debug|Any CPU.ActiveCfg = Debug|Any CPU
		{F2855774-FE90-4869-9057-244189428A0F}.Debug|Any CPU.Build.0 = Debug|Any CPU
		{F2855774-FE90-4869-9057-244189428A0F}.Release|Any CPU.ActiveCfg = Release|Any CPU
		{F2855774-FE90-4869-9057-244189428A0F}.Release|Any CPU.Build.0 = Release|Any CPU
		{6834AE71-6B21-4D40-B366-4355D8CD37C3}.Debug|Any CPU.ActiveCfg = Debug|Any CPU
		{6834AE71-6B21-4D40-B366-4355D8CD37C3}.Debug|Any CPU.Build.0 = Debug|Any CPU
		{6834AE71-6B21-4D40-B366-4355D8CD37C3}.Release|Any CPU.ActiveCfg = Release|Any CPU
		{6834AE71-6B21-4D40-B366-4355D8CD37C3}.Release|Any CPU.Build.0 = Release|Any CPU
		{0A437506-3F52-4FA1-A961-8DB81891FF13}.Debug|Any CPU.ActiveCfg = Debug|Any CPU
		{0A437506-3F52-4FA1-A961-8DB81891FF13}.Debug|Any CPU.Build.0 = Debug|Any CPU
		{0A437506-3F52-4FA1-A961-8DB81891FF13}.Release|Any CPU.ActiveCfg = Release|Any CPU
		{0A437506-3F52-4FA1-A961-8DB81891FF13}.Release|Any CPU.Build.0 = Release|Any CPU
		{A908B7A5-1BB6-49C9-8EFF-3C2AFBE01244}.Debug|Any CPU.ActiveCfg = Debug|Any CPU
		{A908B7A5-1BB6-49C9-8EFF-3C2AFBE01244}.Debug|Any CPU.Build.0 = Debug|Any CPU
		{A908B7A5-1BB6-49C9-8EFF-3C2AFBE01244}.Release|Any CPU.ActiveCfg = Release|Any CPU
		{A908B7A5-1BB6-49C9-8EFF-3C2AFBE01244}.Release|Any CPU.Build.0 = Release|Any CPU
		{1CB5E0A5-D4C9-4373-BF95-388B10A2BBAF}.Debug|Any CPU.ActiveCfg = Debug|Any CPU
		{1CB5E0A5-D4C9-4373-BF95-388B10A2BBAF}.Debug|Any CPU.Build.0 = Debug|Any CPU
		{1CB5E0A5-D4C9-4373-BF95-388B10A2BBAF}.Release|Any CPU.ActiveCfg = Release|Any CPU
		{1CB5E0A5-D4C9-4373-BF95-388B10A2BBAF}.Release|Any CPU.Build.0 = Release|Any CPU
		{D1FE2145-E026-4A61-B995-256F44930DAD}.Debug|Any CPU.ActiveCfg = Debug|Any CPU
		{D1FE2145-E026-4A61-B995-256F44930DAD}.Debug|Any CPU.Build.0 = Debug|Any CPU
		{D1FE2145-E026-4A61-B995-256F44930DAD}.Release|Any CPU.ActiveCfg = Release|Any CPU
		{D1FE2145-E026-4A61-B995-256F44930DAD}.Release|Any CPU.Build.0 = Release|Any CPU
	EndGlobalSection
	GlobalSection(SolutionProperties) = preSolution
		HideSolutionNode = FALSE
	EndGlobalSection
	GlobalSection(ExtensibilityGlobals) = postSolution
		SolutionGuid = {888AEAB6-B785-40FB-B060-5E0147A24650}
	EndGlobalSection
EndGlobal
